
Microsoft Visual Studio Solution File, Format Version 12.00
# Visual Studio Version 16
VisualStudioVersion = 16.0.808.5
MinimumVisualStudioVersion = 10.0.40219.1
Project("{FAE04EC0-301F-11D3-BF4B-00C04F79EFBC}") = "asurityProjectBackend", "asurityProjectBackend.csproj", "{BBF51ACA-FFD6-4209-BF32-609AC7B8DD85}"
EndProject
Global
	GlobalSection(SolutionConfigurationPlatforms) = preSolution
		Debug|Any CPU = Debug|Any CPU
		Release|Any CPU = Release|Any CPU
	EndGlobalSection
	GlobalSection(ProjectConfigurationPlatforms) = postSolution
		{BBF51ACA-FFD6-4209-BF32-609AC7B8DD85}.Debug|Any CPU.ActiveCfg = Debug|Any CPU
		{BBF51ACA-FFD6-4209-BF32-609AC7B8DD85}.Debug|Any CPU.Build.0 = Debug|Any CPU
		{BBF51ACA-FFD6-4209-BF32-609AC7B8DD85}.Release|Any CPU.ActiveCfg = Release|Any CPU
		{BBF51ACA-FFD6-4209-BF32-609AC7B8DD85}.Release|Any CPU.Build.0 = Release|Any CPU
	EndGlobalSection
	GlobalSection(SolutionProperties) = preSolution
		HideSolutionNode = FALSE
	EndGlobalSection
	GlobalSection(ExtensibilityGlobals) = postSolution
		SolutionGuid = {2C0851AD-DCEE-4E02-BA9C-B922B17D0AF9}
	EndGlobalSection
EndGlobal
